
Microsoft Visual Studio Solution File, Format Version 12.00
# Visual Studio Version 17
VisualStudioVersion = 17.5.33627.172
MinimumVisualStudioVersion = 10.0.40219.1
Project("{9A19103F-16F7-4668-BE54-9A1E7A4F7556}") = "Template", "Template.csproj", "{F7CD8185-7746-456C-8C1A-418D287E32C8}"
EndProject
Project("{9A19103F-16F7-4668-BE54-9A1E7A4F7556}") = "Template.Core", "..\Template.Core\Template.Core.csproj", "{13FE57E5-D50E-46E6-810B-326ADFF4E085}"
EndProject
Global
	GlobalSection(SolutionConfigurationPlatforms) = preSolution
		Debug|Any CPU = Debug|Any CPU
		Debug|arm64 = Debug|arm64
		Debug|x64 = Debug|x64
		Debug|x86 = Debug|x86
		Release|Any CPU = Release|Any CPU
		Release|arm64 = Release|arm64
		Release|x64 = Release|x64
		Release|x86 = Release|x86
	EndGlobalSection
	GlobalSection(ProjectConfigurationPlatforms) = postSolution
		{F7CD8185-7746-456C-8C1A-418D287E32C8}.Debug|Any CPU.ActiveCfg = Debug|x64
		{F7CD8185-7746-456C-8C1A-418D287E32C8}.Debug|Any CPU.Build.0 = Debug|x64
		{F7CD8185-7746-456C-8C1A-418D287E32C8}.Debug|Any CPU.Deploy.0 = Debug|x64
		{F7CD8185-7746-456C-8C1A-418D287E32C8}.Debug|arm64.ActiveCfg = Debug|arm64
		{F7CD8185-7746-456C-8C1A-418D287E32C8}.Debug|arm64.Build.0 = Debug|arm64
		{F7CD8185-7746-456C-8C1A-418D287E32C8}.Debug|x64.ActiveCfg = Debug|x64
		{F7CD8185-7746-456C-8C1A-418D287E32C8}.Debug|x64.Build.0 = Debug|x64
		{F7CD8185-7746-456C-8C1A-418D287E32C8}.Debug|x64.Deploy.0 = Debug|x64
		{F7CD8185-7746-456C-8C1A-418D287E32C8}.Debug|x86.ActiveCfg = Debug|x86
		{F7CD8185-7746-456C-8C1A-418D287E32C8}.Debug|x86.Build.0 = Debug|x86
		{F7CD8185-7746-456C-8C1A-418D287E32C8}.Debug|x86.Deploy.0 = Debug|x86
		{F7CD8185-7746-456C-8C1A-418D287E32C8}.Release|Any CPU.ActiveCfg = Release|x64
		{F7CD8185-7746-456C-8C1A-418D287E32C8}.Release|Any CPU.Build.0 = Release|x64
		{F7CD8185-7746-456C-8C1A-418D287E32C8}.Release|Any CPU.Deploy.0 = Release|x64
		{F7CD8185-7746-456C-8C1A-418D287E32C8}.Release|arm64.ActiveCfg = Release|arm64
		{F7CD8185-7746-456C-8C1A-418D287E32C8}.Release|arm64.Build.0 = Release|arm64
		{F7CD8185-7746-456C-8C1A-418D287E32C8}.Release|x64.ActiveCfg = Release|x64
		{F7CD8185-7746-456C-8C1A-418D287E32C8}.Release|x64.Build.0 = Release|x64
		{F7CD8185-7746-456C-8C1A-418D287E32C8}.Release|x64.Deploy.0 = Release|x64
		{F7CD8185-7746-456C-8C1A-418D287E32C8}.Release|x86.ActiveCfg = Release|x86
		{F7CD8185-7746-456C-8C1A-418D287E32C8}.Release|x86.Build.0 = Release|x86
		{F7CD8185-7746-456C-8C1A-418D287E32C8}.Release|x86.Deploy.0 = Release|x86
		{13FE57E5-D50E-46E6-810B-326ADFF4E085}.Debug|Any CPU.ActiveCfg = Debug|Any CPU
		{13FE57E5-D50E-46E6-810B-326ADFF4E085}.Debug|Any CPU.Build.0 = Debug|Any CPU
		{13FE57E5-D50E-46E6-810B-326ADFF4E085}.Debug|arm64.ActiveCfg = Debug|arm64
		{13FE57E5-D50E-46E6-810B-326ADFF4E085}.Debug|arm64.Build.0 = Debug|arm64
		{13FE57E5-D50E-46E6-810B-326ADFF4E085}.Debug|x64.ActiveCfg = Debug|x64
		{13FE57E5-D50E-46E6-810B-326ADFF4E085}.Debug|x64.Build.0 = Debug|x64
		{13FE57E5-D50E-46E6-810B-326ADFF4E085}.Debug|x86.ActiveCfg = Debug|x86
		{13FE57E5-D50E-46E6-810B-326ADFF4E085}.Debug|x86.Build.0 = Debug|x86
		{13FE57E5-D50E-46E6-810B-326ADFF4E085}.Release|Any CPU.ActiveCfg = Release|Any CPU
		{13FE57E5-D50E-46E6-810B-326ADFF4E085}.Release|Any CPU.Build.0 = Release|Any CPU
		{13FE57E5-D50E-46E6-810B-326ADFF4E085}.Release|arm64.ActiveCfg = Release|arm64
		{13FE57E5-D50E-46E6-810B-326ADFF4E085}.Release|arm64.Build.0 = Release|arm64
		{13FE57E5-D50E-46E6-810B-326ADFF4E085}.Release|x64.ActiveCfg = Release|x64
		{13FE57E5-D50E-46E6-810B-326ADFF4E085}.Release|x64.Build.0 = Release|x64
		{13FE57E5-D50E-46E6-810B-326ADFF4E085}.Release|x86.ActiveCfg = Release|x86
		{13FE57E5-D50E-46E6-810B-326ADFF4E085}.Release|x86.Build.0 = Release|x86
	EndGlobalSection
	GlobalSection(SolutionProperties) = preSolution
		HideSolutionNode = FALSE
	EndGlobalSection
	GlobalSection(ExtensibilityGlobals) = postSolution
		SolutionGuid = {843AE5E0-3DC8-4939-93A2-38E7BE379587}
	EndGlobalSection
EndGlobal
